
Microsoft Visual Studio Solution File, Format Version 12.00
# Visual Studio Version 16
VisualStudioVersion = 16.0.808.8
MinimumVisualStudioVersion = 10.0.40219.1
Project("{FAE04EC0-301F-11D3-BF4B-00C04F79EFBC}") = "VowelReplacement", "VowelReplacement\VowelReplacement.csproj", "{0832F2B4-8618-4DD8-8A2B-6483AFCD9CFC}"
EndProject
Global
	GlobalSection(SolutionConfigurationPlatforms) = preSolution
		Debug|Any CPU = Debug|Any CPU
		Release|Any CPU = Release|Any CPU
	EndGlobalSection
	GlobalSection(ProjectConfigurationPlatforms) = postSolution
		{0832F2B4-8618-4DD8-8A2B-6483AFCD9CFC}.Debug|Any CPU.ActiveCfg = Debug|Any CPU
		{0832F2B4-8618-4DD8-8A2B-6483AFCD9CFC}.Debug|Any CPU.Build.0 = Debug|Any CPU
		{0832F2B4-8618-4DD8-8A2B-6483AFCD9CFC}.Release|Any CPU.ActiveCfg = Release|Any CPU
		{0832F2B4-8618-4DD8-8A2B-6483AFCD9CFC}.Release|Any CPU.Build.0 = Release|Any CPU
	EndGlobalSection
	GlobalSection(SolutionProperties) = preSolution
		HideSolutionNode = FALSE
	EndGlobalSection
	GlobalSection(ExtensibilityGlobals) = postSolution
		SolutionGuid = {F7F39333-C70C-41A6-B0E6-64FADC5ECC75}
	EndGlobalSection
EndGlobal
